// !$*UTF8*$!
{
	archiveVersion = 1;
	classes = {
	};
	objectVersion = 51;
	objects = {

/* Begin PBXBuildFile section */
		2C83A0A14F476375D2FB274D /* Pods_countMeIn.framework in Frameworks */ = {isa = PBXBuildFile; fileRef = E85318A13C9A6B30CC72C85E /* Pods_countMeIn.framework */; };
		FE094A33260C349B008D704E /* AppDelegate.swift in Sources */ = {isa = PBXBuildFile; fileRef = FE094A32260C349B008D704E /* AppDelegate.swift */; };
		FE094A35260C349B008D704E /* SceneDelegate.swift in Sources */ = {isa = PBXBuildFile; fileRef = FE094A34260C349B008D704E /* SceneDelegate.swift */; };
		FE094A3A260C349B008D704E /* Main.storyboard in Resources */ = {isa = PBXBuildFile; fileRef = FE094A38260C349B008D704E /* Main.storyboard */; };
		FE094A3D260C349B008D704E /* countMeIn.xcdatamodeld in Sources */ = {isa = PBXBuildFile; fileRef = FE094A3B260C349B008D704E /* countMeIn.xcdatamodeld */; };
		FE094A3F260C349C008D704E /* Assets.xcassets in Resources */ = {isa = PBXBuildFile; fileRef = FE094A3E260C349C008D704E /* Assets.xcassets */; };
		FE094A42260C349C008D704E /* LaunchScreen.storyboard in Resources */ = {isa = PBXBuildFile; fileRef = FE094A40260C349C008D704E /* LaunchScreen.storyboard */; };
		FE094A52260C383D008D704E /* ClinicsVC.swift in Sources */ = {isa = PBXBuildFile; fileRef = FE094A51260C383D008D704E /* ClinicsVC.swift */; };
		FE094A55260C3F0C008D704E /* LaunchVC.swift in Sources */ = {isa = PBXBuildFile; fileRef = FE094A54260C3F0C008D704E /* LaunchVC.swift */; };
		FE2830EB263BC2400056F327 /* GoogleService-Info.plist in Resources */ = {isa = PBXBuildFile; fileRef = FE2830EA263BC2400056F327 /* GoogleService-Info.plist */; };
		FE2830EE263BC9300056F327 /* Clinic.swift in Sources */ = {isa = PBXBuildFile; fileRef = FE2830ED263BC9300056F327 /* Clinic.swift */; };
/* End PBXBuildFile section */

/* Begin PBXFileReference section */
		29A835600C8F6B269BE35BAA /* Pods-countMeIn.debug.xcconfig */ = {isa = PBXFileReference; includeInIndex = 1; lastKnownFileType = text.xcconfig; name = "Pods-countMeIn.debug.xcconfig"; path = "Target Support Files/Pods-countMeIn/Pods-countMeIn.debug.xcconfig"; sourceTree = "<group>"; };
		E85318A13C9A6B30CC72C85E /* Pods_countMeIn.framework */ = {isa = PBXFileReference; explicitFileType = wrapper.framework; includeInIndex = 0; path = Pods_countMeIn.framework; sourceTree = BUILT_PRODUCTS_DIR; };
		EEFA653D783F43CBBB014F66 /* Pods-countMeIn.release.xcconfig */ = {isa = PBXFileReference; includeInIndex = 1; lastKnownFileType = text.xcconfig; name = "Pods-countMeIn.release.xcconfig"; path = "Target Support Files/Pods-countMeIn/Pods-countMeIn.release.xcconfig"; sourceTree = "<group>"; };
		FE094A2F260C349B008D704E /* countMeIn.app */ = {isa = PBXFileReference; explicitFileType = wrapper.application; includeInIndex = 0; path = countMeIn.app; sourceTree = BUILT_PRODUCTS_DIR; };
		FE094A32260C349B008D704E /* AppDelegate.swift */ = {isa = PBXFileReference; lastKnownFileType = sourcecode.swift; path = AppDelegate.swift; sourceTree = "<group>"; };
		FE094A34260C349B008D704E /* SceneDelegate.swift */ = {isa = PBXFileReference; lastKnownFileType = sourcecode.swift; path = SceneDelegate.swift; sourceTree = "<group>"; };
		FE094A39260C349B008D704E /* Base */ = {isa = PBXFileReference; lastKnownFileType = file.storyboard; name = Base; path = Base.lproj/Main.storyboard; sourceTree = "<group>"; };
		FE094A3C260C349B008D704E /* countMeIn.xcdatamodel */ = {isa = PBXFileReference; lastKnownFileType = wrapper.xcdatamodel; path = countMeIn.xcdatamodel; sourceTree = "<group>"; };
		FE094A3E260C349C008D704E /* Assets.xcassets */ = {isa = PBXFileReference; lastKnownFileType = folder.assetcatalog; path = Assets.xcassets; sourceTree = "<group>"; };
		FE094A41260C349C008D704E /* Base */ = {isa = PBXFileReference; lastKnownFileType = file.storyboard; name = Base; path = Base.lproj/LaunchScreen.storyboard; sourceTree = "<group>"; };
		FE094A43260C349C008D704E /* Info.plist */ = {isa = PBXFileReference; lastKnownFileType = text.plist.xml; path = Info.plist; sourceTree = "<group>"; };
		FE094A51260C383D008D704E /* ClinicsVC.swift */ = {isa = PBXFileReference; lastKnownFileType = sourcecode.swift; path = ClinicsVC.swift; sourceTree = "<group>"; };
		FE094A54260C3F0C008D704E /* LaunchVC.swift */ = {isa = PBXFileReference; lastKnownFileType = sourcecode.swift; path = LaunchVC.swift; sourceTree = "<group>"; };
		FE2830EA263BC2400056F327 /* GoogleService-Info.plist */ = {isa = PBXFileReference; fileEncoding = 4; lastKnownFileType = text.plist.xml; path = "GoogleService-Info.plist"; sourceTree = "<group>"; };
		FE2830ED263BC9300056F327 /* Clinic.swift */ = {isa = PBXFileReference; lastKnownFileType = sourcecode.swift; path = Clinic.swift; sourceTree = "<group>"; };
/* End PBXFileReference section */

/* Begin PBXFrameworksBuildPhase section */
		FE094A2C260C349B008D704E /* Frameworks */ = {
			isa = PBXFrameworksBuildPhase;
			buildActionMask = 2147483647;
			files = (
				2C83A0A14F476375D2FB274D /* Pods_countMeIn.framework in Frameworks */,
			);
			runOnlyForDeploymentPostprocessing = 0;
		};
/* End PBXFrameworksBuildPhase section */

/* Begin PBXGroup section */
		824DE6315AC2023E9E79CD60 /* Pods */ = {
			isa = PBXGroup;
			children = (
				29A835600C8F6B269BE35BAA /* Pods-countMeIn.debug.xcconfig */,
				EEFA653D783F43CBBB014F66 /* Pods-countMeIn.release.xcconfig */,
			);
			path = Pods;
			sourceTree = "<group>";
		};
		FBF316767730557A6EF0FDF6 /* Frameworks */ = {
			isa = PBXGroup;
			children = (
				E85318A13C9A6B30CC72C85E /* Pods_countMeIn.framework */,
			);
			name = Frameworks;
			sourceTree = "<group>";
		};
		FE094A26260C349B008D704E = {
			isa = PBXGroup;
			children = (
				FE094A31260C349B008D704E /* countMeIn */,
				FE094A30260C349B008D704E /* Products */,
				824DE6315AC2023E9E79CD60 /* Pods */,
				FBF316767730557A6EF0FDF6 /* Frameworks */,
			);
			sourceTree = "<group>";
		};
		FE094A30260C349B008D704E /* Products */ = {
			isa = PBXGroup;
			children = (
				FE094A2F260C349B008D704E /* countMeIn.app */,
			);
			name = Products;
			sourceTree = "<group>";
		};
		FE094A31260C349B008D704E /* countMeIn */ = {
			isa = PBXGroup;
			children = (
				FE2830EC263BC9230056F327 /* Model */,
				FE094A4F260C35A5008D704E /* VC */,
				FE094A32260C349B008D704E /* AppDelegate.swift */,
				FE094A34260C349B008D704E /* SceneDelegate.swift */,
				FE094A38260C349B008D704E /* Main.storyboard */,
				FE094A40260C349C008D704E /* LaunchScreen.storyboard */,
				FE094A3E260C349C008D704E /* Assets.xcassets */,
				FE094A43260C349C008D704E /* Info.plist */,
				FE2830EA263BC2400056F327 /* GoogleService-Info.plist */,
				FE094A3B260C349B008D704E /* countMeIn.xcdatamodeld */,
			);
			path = countMeIn;
			sourceTree = "<group>";
		};
		FE094A4F260C35A5008D704E /* VC */ = {
			isa = PBXGroup;
			children = (
				FE094A54260C3F0C008D704E /* LaunchVC.swift */,
				FE094A51260C383D008D704E /* ClinicsVC.swift */,
			);
			path = VC;
			sourceTree = "<group>";
		};
		FE2830EC263BC9230056F327 /* Model */ = {
			isa = PBXGroup;
			children = (
				FE2830ED263BC9300056F327 /* Clinic.swift */,
			);
			path = Model;
			sourceTree = "<group>";
		};
/* End PBXGroup section */

/* Begin PBXNativeTarget section */
		FE094A2E260C349B008D704E /* countMeIn */ = {
			isa = PBXNativeTarget;
			buildConfigurationList = FE094A46260C349C008D704E /* Build configuration list for PBXNativeTarget "countMeIn" */;
			buildPhases = (
				D783E6D7C83CF54DF01AEAF5 /* [CP] Check Pods Manifest.lock */,
				FE094A2B260C349B008D704E /* Sources */,
				FE094A2C260C349B008D704E /* Frameworks */,
				FE094A2D260C349B008D704E /* Resources */,
				A19B96C0FB9B39C675E64C11 /* [CP] Embed Pods Frameworks */,
			);
			buildRules = (
			);
			dependencies = (
			);
			name = countMeIn;
			productName = countMeIn;
			productReference = FE094A2F260C349B008D704E /* countMeIn.app */;
			productType = "com.apple.product-type.application";
		};
/* End PBXNativeTarget section */

/* Begin PBXProject section */
		FE094A27260C349B008D704E /* Project object */ = {
			isa = PBXProject;
			attributes = {
				LastSwiftUpdateCheck = 1240;
				LastUpgradeCheck = 1240;
				TargetAttributes = {
					FE094A2E260C349B008D704E = {
						CreatedOnToolsVersion = 12.4;
					};
				};
			};
			buildConfigurationList = FE094A2A260C349B008D704E /* Build configuration list for PBXProject "countMeIn" */;
			compatibilityVersion = "Xcode 9.3";
			developmentRegion = en;
			hasScannedForEncodings = 0;
			knownRegions = (
				en,
				Base,
			);
			mainGroup = FE094A26260C349B008D704E;
			productRefGroup = FE094A30260C349B008D704E /* Products */;
			projectDirPath = "";
			projectRoot = "";
			targets = (
				FE094A2E260C349B008D704E /* countMeIn */,
			);
		};
/* End PBXProject section */

/* Begin PBXResourcesBuildPhase section */
		FE094A2D260C349B008D704E /* Resources */ = {
			isa = PBXResourcesBuildPhase;
			buildActionMask = 2147483647;
			files = (
				FE094A42260C349C008D704E /* LaunchScreen.storyboard in Resources */,
				FE2830EB263BC2400056F327 /* GoogleService-Info.plist in Resources */,
				FE094A3F260C349C008D704E /* Assets.xcassets in Resources */,
				FE094A3A260C349B008D704E /* Main.storyboard in Resources */,
			);
			runOnlyForDeploymentPostprocessing = 0;
		};
/* End PBXResourcesBuildPhase section */

/* Begin PBXShellScriptBuildPhase section */
		A19B96C0FB9B39C675E64C11 /* [CP] Embed Pods Frameworks */ = {
			isa = PBXShellScriptBuildPhase;
			buildActionMask = 2147483647;
			files = (
			);
			inputFileListPaths = (
				"${PODS_ROOT}/Target Support Files/Pods-countMeIn/Pods-countMeIn-frameworks-${CONFIGURATION}-input-files.xcfilelist",
			);
			name = "[CP] Embed Pods Frameworks";
			outputFileListPaths = (
				"${PODS_ROOT}/Target Support Files/Pods-countMeIn/Pods-countMeIn-frameworks-${CONFIGURATION}-output-files.xcfilelist",
			);
			runOnlyForDeploymentPostprocessing = 0;
			shellPath = /bin/sh;
			shellScript = "\"${PODS_ROOT}/Target Support Files/Pods-countMeIn/Pods-countMeIn-frameworks.sh\"\n";
			showEnvVarsInLog = 0;
		};
		D783E6D7C83CF54DF01AEAF5 /* [CP] Check Pods Manifest.lock */ = {
			isa = PBXShellScriptBuildPhase;
			buildActionMask = 2147483647;
			files = (
			);
			inputFileListPaths = (
			);
			inputPaths = (
				"${PODS_PODFILE_DIR_PATH}/Podfile.lock",
				"${PODS_ROOT}/Manifest.lock",
			);
			name = "[CP] Check Pods Manifest.lock";
			outputFileListPaths = (
			);
			outputPaths = (
				"$(DERIVED_FILE_DIR)/Pods-countMeIn-checkManifestLockResult.txt",
			);
			runOnlyForDeploymentPostprocessing = 0;
			shellPath = /bin/sh;
			shellScript = "diff \"${PODS_PODFILE_DIR_PATH}/Podfile.lock\" \"${PODS_ROOT}/Manifest.lock\" > /dev/null\nif [ $? != 0 ] ; then\n    # print error to STDERR\n    echo \"error: The sandbox is not in sync with the Podfile.lock. Run 'pod install' or update your CocoaPods installation.\" >&2\n    exit 1\nfi\n# This output is used by Xcode 'outputs' to avoid re-running this script phase.\necho \"SUCCESS\" > \"${SCRIPT_OUTPUT_FILE_0}\"\n";
			showEnvVarsInLog = 0;
		};
/* End PBXShellScriptBuildPhase section */

/* Begin PBXSourcesBuildPhase section */
		FE094A2B260C349B008D704E /* Sources */ = {
			isa = PBXSourcesBuildPhase;
			buildActionMask = 2147483647;
			files = (
				FE094A52260C383D008D704E /* ClinicsVC.swift in Sources */,
				FE094A3D260C349B008D704E /* countMeIn.xcdatamodeld in Sources */,
				FE094A33260C349B008D704E /* AppDelegate.swift in Sources */,
				FE2830EE263BC9300056F327 /* Clinic.swift in Sources */,
				FE094A55260C3F0C008D704E /* LaunchVC.swift in Sources */,
				FE094A35260C349B008D704E /* SceneDelegate.swift in Sources */,
			);
			runOnlyForDeploymentPostprocessing = 0;
		};
/* End PBXSourcesBuildPhase section */

/* Begin PBXVariantGroup section */
		FE094A38260C349B008D704E /* Main.storyboard */ = {
			isa = PBXVariantGroup;
			children = (
				FE094A39260C349B008D704E /* Base */,
			);
			name = Main.storyboard;
			sourceTree = "<group>";
		};
		FE094A40260C349C008D704E /* LaunchScreen.storyboard */ = {
			isa = PBXVariantGroup;
			children = (
				FE094A41260C349C008D704E /* Base */,
			);
			name = LaunchScreen.storyboard;
			sourceTree = "<group>";
		};
/* End PBXVariantGroup section */

/* Begin XCBuildConfiguration section */
		FE094A44260C349C008D704E /* Debug */ = {
			isa = XCBuildConfiguration;
			buildSettings = {
				ALWAYS_SEARCH_USER_PATHS = NO;
				CLANG_ANALYZER_NONNULL = YES;
				CLANG_ANALYZER_NUMBER_OBJECT_CONVERSION = YES_AGGRESSIVE;
				CLANG_CXX_LANGUAGE_STANDARD = "gnu++14";
				CLANG_CXX_LIBRARY = "libc++";
				CLANG_ENABLE_MODULES = YES;
				CLANG_ENABLE_OBJC_ARC = YES;
				CLANG_ENABLE_OBJC_WEAK = YES;
				CLANG_WARN_BLOCK_CAPTURE_AUTORELEASING = YES;
				CLANG_WARN_BOOL_CONVERSION = YES;
				CLANG_WARN_COMMA = YES;
				CLANG_WARN_CONSTANT_CONVERSION = YES;
				CLANG_WARN_DEPRECATED_OBJC_IMPLEMENTATIONS = YES;
				CLANG_WARN_DIRECT_OBJC_ISA_USAGE = YES_ERROR;
				CLANG_WARN_DOCUMENTATION_COMMENTS = YES;
				CLANG_WARN_EMPTY_BODY = YES;
				CLANG_WARN_ENUM_CONVERSION = YES;
				CLANG_WARN_INFINITE_RECURSION = YES;
				CLANG_WARN_INT_CONVERSION = YES;
				CLANG_WARN_NON_LITERAL_NULL_CONVERSION = YES;
				CLANG_WARN_OBJC_IMPLICIT_RETAIN_SELF = YES;
				CLANG_WARN_OBJC_LITERAL_CONVERSION = YES;
				CLANG_WARN_OBJC_ROOT_CLASS = YES_ERROR;
				CLANG_WARN_QUOTED_INCLUDE_IN_FRAMEWORK_HEADER = YES;
				CLANG_WARN_RANGE_LOOP_ANALYSIS = YES;
				CLANG_WARN_STRICT_PROTOTYPES = YES;
				CLANG_WARN_SUSPICIOUS_MOVE = YES;
				CLANG_WARN_UNGUARDED_AVAILABILITY = YES_AGGRESSIVE;
				CLANG_WARN_UNREACHABLE_CODE = YES;
				CLANG_WARN__DUPLICATE_METHOD_MATCH = YES;
				COPY_PHASE_STRIP = NO;
				DEBUG_INFORMATION_FORMAT = dwarf;
				ENABLE_STRICT_OBJC_MSGSEND = YES;
				ENABLE_TESTABILITY = YES;
				GCC_C_LANGUAGE_STANDARD = gnu11;
				GCC_DYNAMIC_NO_PIC = NO;
				GCC_NO_COMMON_BLOCKS = YES;
				GCC_OPTIMIZATION_LEVEL = 0;
				GCC_PREPROCESSOR_DEFINITIONS = (
					"DEBUG=1",
					"$(inherited)",
				);
				GCC_WARN_64_TO_32_BIT_CONVERSION = YES;
				GCC_WARN_ABOUT_RETURN_TYPE = YES_ERROR;
				GCC_WARN_UNDECLARED_SELECTOR = YES;
				GCC_WARN_UNINITIALIZED_AUTOS = YES_AGGRESSIVE;
				GCC_WARN_UNUSED_FUNCTION = YES;
				GCC_WARN_UNUSED_VARIABLE = YES;
				IPHONEOS_DEPLOYMENT_TARGET = 14.4;
				MTL_ENABLE_DEBUG_INFO = INCLUDE_SOURCE;
				MTL_FAST_MATH = YES;
				ONLY_ACTIVE_ARCH = YES;
				SDKROOT = iphoneos;
				SWIFT_ACTIVE_COMPILATION_CONDITIONS = DEBUG;
				SWIFT_OPTIMIZATION_LEVEL = "-Onone";
			};
			name = Debug;
		};
		FE094A45260C349C008D704E /* Release */ = {
			isa = XCBuildConfiguration;
			buildSettings = {
				ALWAYS_SEARCH_USER_PATHS = NO;
				CLANG_ANALYZER_NONNULL = YES;
				CLANG_ANALYZER_NUMBER_OBJECT_CONVERSION = YES_AGGRESSIVE;
				CLANG_CXX_LANGUAGE_STANDARD = "gnu++14";
				CLANG_CXX_LIBRARY = "libc++";
				CLANG_ENABLE_MODULES = YES;
				CLANG_ENABLE_OBJC_ARC = YES;
				CLANG_ENABLE_OBJC_WEAK = YES;
				CLANG_WARN_BLOCK_CAPTURE_AUTORELEASING = YES;
				CLANG_WARN_BOOL_CONVERSION = YES;
				CLANG_WARN_COMMA = YES;
				CLANG_WARN_CONSTANT_CONVERSION = YES;
				CLANG_WARN_DEPRECATED_OBJC_IMPLEMENTATIONS = YES;
				CLANG_WARN_DIRECT_OBJC_ISA_USAGE = YES_ERROR;
				CLANG_WARN_DOCUMENTATION_COMMENTS = YES;
				CLANG_WARN_EMPTY_BODY = YES;
				CLANG_WARN_ENUM_CONVERSION = YES;
				CLANG_WARN_INFINITE_RECURSION = YES;
				CLANG_WARN_INT_CONVERSION = YES;
				CLANG_WARN_NON_LITERAL_NULL_CONVERSION = YES;
				CLANG_WARN_OBJC_IMPLICIT_RETAIN_SELF = YES;
				CLANG_WARN_OBJC_LITERAL_CONVERSION = YES;
				CLANG_WARN_OBJC_ROOT_CLASS = YES_ERROR;
				CLANG_WARN_QUOTED_INCLUDE_IN_FRAMEWORK_HEADER = YES;
				CLANG_WARN_RANGE_LOOP_ANALYSIS = YES;
				CLANG_WARN_STRICT_PROTOTYPES = YES;
				CLANG_WARN_SUSPICIOUS_MOVE = YES;
				CLANG_WARN_UNGUARDED_AVAILABILITY = YES_AGGRESSIVE;
				CLANG_WARN_UNREACHABLE_CODE = YES;
				CLANG_WARN__DUPLICATE_METHOD_MATCH = YES;
				COPY_PHASE_STRIP = NO;
				DEBUG_INFORMATION_FORMAT = "dwarf-with-dsym";
				ENABLE_NS_ASSERTIONS = NO;
				ENABLE_STRICT_OBJC_MSGSEND = YES;
				GCC_C_LANGUAGE_STANDARD = gnu11;
				GCC_NO_COMMON_BLOCKS = YES;
				GCC_WARN_64_TO_32_BIT_CONVERSION = YES;
				GCC_WARN_ABOUT_RETURN_TYPE = YES_ERROR;
				GCC_WARN_UNDECLARED_SELECTOR = YES;
				GCC_WARN_UNINITIALIZED_AUTOS = YES_AGGRESSIVE;
				GCC_WARN_UNUSED_FUNCTION = YES;
				GCC_WARN_UNUSED_VARIABLE = YES;
				IPHONEOS_DEPLOYMENT_TARGET = 14.4;
				MTL_ENABLE_DEBUG_INFO = NO;
				MTL_FAST_MATH = YES;
				SDKROOT = iphoneos;
				SWIFT_COMPILATION_MODE = wholemodule;
				SWIFT_OPTIMIZATION_LEVEL = "-O";
				VALIDATE_PRODUCT = YES;
			};
			name = Release;
		};
		FE094A47260C349C008D704E /* Debug */ = {
			isa = XCBuildConfiguration;
			baseConfigurationReference = 29A835600C8F6B269BE35BAA /* Pods-countMeIn.debug.xcconfig */;
			buildSettings = {
				ASSETCATALOG_COMPILER_APPICON_NAME = AppIcon;
				ASSETCATALOG_COMPILER_GLOBAL_ACCENT_COLOR_NAME = AccentColor;
				CODE_SIGN_STYLE = Automatic;
				INFOPLIST_FILE = countMeIn/Info.plist;
				LD_RUNPATH_SEARCH_PATHS = (
					"$(inherited)",
					"@executable_path/Frameworks",
				);
				PRODUCT_BUNDLE_IDENTIFIER = ca.humber.countMeIn;
				PRODUCT_NAME = "$(TARGET_NAME)";
				SWIFT_VERSION = 5.0;
				TARGETED_DEVICE_FAMILY = "1,2";
			};
			name = Debug;
		};
		FE094A48260C349C008D704E /* Release */ = {
			isa = XCBuildConfiguration;
			baseConfigurationReference = EEFA653D783F43CBBB014F66 /* Pods-countMeIn.release.xcconfig */;
			buildSettings = {
				ASSETCATALOG_COMPILER_APPICON_NAME = AppIcon;
				ASSETCATALOG_COMPILER_GLOBAL_ACCENT_COLOR_NAME = AccentColor;
				CODE_SIGN_STYLE = Automatic;
				INFOPLIST_FILE = countMeIn/Info.plist;
				LD_RUNPATH_SEARCH_PATHS = (
					"$(inherited)",
					"@executable_path/Frameworks",
				);
				PRODUCT_BUNDLE_IDENTIFIER = ca.humber.countMeIn;
				PRODUCT_NAME = "$(TARGET_NAME)";
				SWIFT_VERSION = 5.0;
				TARGETED_DEVICE_FAMILY = "1,2";
			};
			name = Release;
		};
/* End XCBuildConfiguration section */

/* Begin XCConfigurationList section */
		FE094A2A260C349B008D704E /* Build configuration list for PBXProject "countMeIn" */ = {
			isa = XCConfigurationList;
			buildConfigurations = (
				FE094A44260C349C008D704E /* Debug */,
				FE094A45260C349C008D704E /* Release */,
			);
			defaultConfigurationIsVisible = 0;
			defaultConfigurationName = Release;
		};
		FE094A46260C349C008D704E /* Build configuration list for PBXNativeTarget "countMeIn" */ = {
			isa = XCConfigurationList;
			buildConfigurations = (
				FE094A47260C349C008D704E /* Debug */,
				FE094A48260C349C008D704E /* Release */,
			);
			defaultConfigurationIsVisible = 0;
			defaultConfigurationName = Release;
		};
/* End XCConfigurationList section */

/* Begin XCVersionGroup section */
		FE094A3B260C349B008D704E /* countMeIn.xcdatamodeld */ = {
			isa = XCVersionGroup;
			children = (
				FE094A3C260C349B008D704E /* countMeIn.xcdatamodel */,
			);
			currentVersion = FE094A3C260C349B008D704E /* countMeIn.xcdatamodel */;
			path = countMeIn.xcdatamodeld;
			sourceTree = "<group>";
			versionGroupType = wrapper.xcdatamodel;
		};
/* End XCVersionGroup section */
	};
	rootObject = FE094A27260C349B008D704E /* Project object */;
}
